
Microsoft Visual Studio Solution File, Format Version 12.00
# Visual Studio 14
VisualStudioVersion = 14.0.24720.0
MinimumVisualStudioVersion = 10.0.40219.1
Project("{FAE04EC0-301F-11D3-BF4B-00C04F79EFBC}") = "Klient", "Klient\Klient.csproj", "{94C6A5ED-FBB6-4437-BAC4-2570E4953854}"
EndProject
Project("{FAE04EC0-301F-11D3-BF4B-00C04F79EFBC}") = "Serwer", "Serwer\Serwer.csproj", "{C079CB45-D5A7-4E62-B8F0-0D66EF996C76}"
EndProject
Global
	GlobalSection(SolutionConfigurationPlatforms) = preSolution
		Debug|Any CPU = Debug|Any CPU
		Release|Any CPU = Release|Any CPU
	EndGlobalSection
	GlobalSection(ProjectConfigurationPlatforms) = postSolution
		{94C6A5ED-FBB6-4437-BAC4-2570E4953854}.Debug|Any CPU.ActiveCfg = Debug|Any CPU
		{94C6A5ED-FBB6-4437-BAC4-2570E4953854}.Debug|Any CPU.Build.0 = Debug|Any CPU
		{94C6A5ED-FBB6-4437-BAC4-2570E4953854}.Release|Any CPU.ActiveCfg = Release|Any CPU
		{94C6A5ED-FBB6-4437-BAC4-2570E4953854}.Release|Any CPU.Build.0 = Release|Any CPU
		{C079CB45-D5A7-4E62-B8F0-0D66EF996C76}.Debug|Any CPU.ActiveCfg = Debug|Any CPU
		{C079CB45-D5A7-4E62-B8F0-0D66EF996C76}.Debug|Any CPU.Build.0 = Debug|Any CPU
		{C079CB45-D5A7-4E62-B8F0-0D66EF996C76}.Release|Any CPU.ActiveCfg = Release|Any CPU
		{C079CB45-D5A7-4E62-B8F0-0D66EF996C76}.Release|Any CPU.Build.0 = Release|Any CPU
	EndGlobalSection
	GlobalSection(SolutionProperties) = preSolution
		HideSolutionNode = FALSE
	EndGlobalSection
EndGlobal
